
Microsoft Visual Studio Solution File, Format Version 12.00
# Visual Studio Version 16
VisualStudioVersion = 16.0.29609.76
MinimumVisualStudioVersion = 10.0.40219.1
Project("{FAE04EC0-301F-11D3-BF4B-00C04F79EFBC}") = "DokumanTakip.Ui", "DokumanTakip\DokumanTakip.Ui.csproj", "{DE75A12D-D04E-4024-A838-7690FA637B85}"
EndProject
Project("{FAE04EC0-301F-11D3-BF4B-00C04F79EFBC}") = "DokumanTakip.BII", "DokumanTakip.BII\DokumanTakip.BII.csproj", "{36A1FB0E-6CBF-41D3-82D6-9D56C57A4B62}"
EndProject
Project("{FAE04EC0-301F-11D3-BF4B-00C04F79EFBC}") = "DokumanTakip.Dal", "DokumanTakip.Dal\DokumanTakip.Dal.csproj", "{67D69C83-461F-4207-9AF2-C1347E6B4D63}"
EndProject
Project("{FAE04EC0-301F-11D3-BF4B-00C04F79EFBC}") = "DokumanTakip.Model", "DokumanTakip.Model\DokumanTakip.Model.csproj", "{298248B8-CCEB-456F-80D5-868AB6CFA0DC}"
EndProject
Global
	GlobalSection(SolutionConfigurationPlatforms) = preSolution
		Debug|Any CPU = Debug|Any CPU
		Release|Any CPU = Release|Any CPU
	EndGlobalSection
	GlobalSection(ProjectConfigurationPlatforms) = postSolution
		{DE75A12D-D04E-4024-A838-7690FA637B85}.Debug|Any CPU.ActiveCfg = Debug|Any CPU
		{DE75A12D-D04E-4024-A838-7690FA637B85}.Debug|Any CPU.Build.0 = Debug|Any CPU
		{DE75A12D-D04E-4024-A838-7690FA637B85}.Release|Any CPU.ActiveCfg = Release|Any CPU
		{DE75A12D-D04E-4024-A838-7690FA637B85}.Release|Any CPU.Build.0 = Release|Any CPU
		{36A1FB0E-6CBF-41D3-82D6-9D56C57A4B62}.Debug|Any CPU.ActiveCfg = Debug|Any CPU
		{36A1FB0E-6CBF-41D3-82D6-9D56C57A4B62}.Debug|Any CPU.Build.0 = Debug|Any CPU
		{36A1FB0E-6CBF-41D3-82D6-9D56C57A4B62}.Release|Any CPU.ActiveCfg = Release|Any CPU
		{36A1FB0E-6CBF-41D3-82D6-9D56C57A4B62}.Release|Any CPU.Build.0 = Release|Any CPU
		{67D69C83-461F-4207-9AF2-C1347E6B4D63}.Debug|Any CPU.ActiveCfg = Debug|Any CPU
		{67D69C83-461F-4207-9AF2-C1347E6B4D63}.Debug|Any CPU.Build.0 = Debug|Any CPU
		{67D69C83-461F-4207-9AF2-C1347E6B4D63}.Release|Any CPU.ActiveCfg = Release|Any CPU
		{67D69C83-461F-4207-9AF2-C1347E6B4D63}.Release|Any CPU.Build.0 = Release|Any CPU
		{298248B8-CCEB-456F-80D5-868AB6CFA0DC}.Debug|Any CPU.ActiveCfg = Debug|Any CPU
		{298248B8-CCEB-456F-80D5-868AB6CFA0DC}.Debug|Any CPU.Build.0 = Debug|Any CPU
		{298248B8-CCEB-456F-80D5-868AB6CFA0DC}.Release|Any CPU.ActiveCfg = Release|Any CPU
		{298248B8-CCEB-456F-80D5-868AB6CFA0DC}.Release|Any CPU.Build.0 = Release|Any CPU
	EndGlobalSection
	GlobalSection(SolutionProperties) = preSolution
		HideSolutionNode = FALSE
	EndGlobalSection
	GlobalSection(ExtensibilityGlobals) = postSolution
		SolutionGuid = {2968E73E-F24B-467C-8B00-0269950DDAC8}
	EndGlobalSection
EndGlobal
